// !$*UTF8*$!
{
	archiveVersion = 1;
	classes = {
	};
	objectVersion = 56;
	objects = {

/* Begin PBXBuildFile section */
		CE2C97162AE12C23007C6793 /* SwiftToDoApp.swift in Sources */ = {isa = PBXBuildFile; fileRef = CE2C97152AE12C23007C6793 /* SwiftToDoApp.swift */; };
		CE2C971A2AE12C25007C6793 /* Assets.xcassets in Resources */ = {isa = PBXBuildFile; fileRef = CE2C97192AE12C25007C6793 /* Assets.xcassets */; };
		CE2C971D2AE12C25007C6793 /* Preview Assets.xcassets in Resources */ = {isa = PBXBuildFile; fileRef = CE2C971C2AE12C25007C6793 /* Preview Assets.xcassets */; };
		CE2C97272AE12C25007C6793 /* SwiftToDoTests.swift in Sources */ = {isa = PBXBuildFile; fileRef = CE2C97262AE12C25007C6793 /* SwiftToDoTests.swift */; };
		CE2C97312AE12C25007C6793 /* SwiftToDoUITests.swift in Sources */ = {isa = PBXBuildFile; fileRef = CE2C97302AE12C25007C6793 /* SwiftToDoUITests.swift */; };
		CE2C97332AE12C25007C6793 /* SwiftToDoUITestsLaunchTests.swift in Sources */ = {isa = PBXBuildFile; fileRef = CE2C97322AE12C25007C6793 /* SwiftToDoUITestsLaunchTests.swift */; };
		CEA01F962BC7E9CE00819733 /* ToDoListView.swift in Sources */ = {isa = PBXBuildFile; fileRef = CEA01F952BC7E9CE00819733 /* ToDoListView.swift */; };
		CEA01F9E2BC80CBD00819733 /* TaskModel.swift in Sources */ = {isa = PBXBuildFile; fileRef = CEA01F9D2BC80CBD00819733 /* TaskModel.swift */; };
		CEA01FA02BC8196400819733 /* TaskView.swift in Sources */ = {isa = PBXBuildFile; fileRef = CEA01F9F2BC8196400819733 /* TaskView.swift */; };
		CEA01FA22BC90D5800819733 /* TaskViewModel.swift in Sources */ = {isa = PBXBuildFile; fileRef = CEA01FA12BC90D5800819733 /* TaskViewModel.swift */; };
		CEA0D4422BE0B900008E1FF9 /* AddTaskView.swift in Sources */ = {isa = PBXBuildFile; fileRef = CEA0D4412BE0B900008E1FF9 /* AddTaskView.swift */; };
/* End PBXBuildFile section */

/* Begin PBXContainerItemProxy section */
		CE2C97232AE12C25007C6793 /* PBXContainerItemProxy */ = {
			isa = PBXContainerItemProxy;
			containerPortal = CE2C970A2AE12C23007C6793 /* Project object */;
			proxyType = 1;
			remoteGlobalIDString = CE2C97112AE12C23007C6793;
			remoteInfo = SwiftToDo;
		};
		CE2C972D2AE12C25007C6793 /* PBXContainerItemProxy */ = {
			isa = PBXContainerItemProxy;
			containerPortal = CE2C970A2AE12C23007C6793 /* Project object */;
			proxyType = 1;
			remoteGlobalIDString = CE2C97112AE12C23007C6793;
			remoteInfo = SwiftToDo;
		};
/* End PBXContainerItemProxy section */

/* Begin PBXFileReference section */
		CE2C97122AE12C23007C6793 /* SwiftToDo.app */ = {isa = PBXFileReference; explicitFileType = wrapper.application; includeInIndex = 0; path = SwiftToDo.app; sourceTree = BUILT_PRODUCTS_DIR; };
		CE2C97152AE12C23007C6793 /* SwiftToDoApp.swift */ = {isa = PBXFileReference; lastKnownFileType = sourcecode.swift; path = SwiftToDoApp.swift; sourceTree = "<group>"; };
		CE2C97192AE12C25007C6793 /* Assets.xcassets */ = {isa = PBXFileReference; lastKnownFileType = folder.assetcatalog; path = Assets.xcassets; sourceTree = "<group>"; };
		CE2C971C2AE12C25007C6793 /* Preview Assets.xcassets */ = {isa = PBXFileReference; lastKnownFileType = folder.assetcatalog; path = "Preview Assets.xcassets"; sourceTree = "<group>"; };
		CE2C97222AE12C25007C6793 /* SwiftToDoTests.xctest */ = {isa = PBXFileReference; explicitFileType = wrapper.cfbundle; includeInIndex = 0; path = SwiftToDoTests.xctest; sourceTree = BUILT_PRODUCTS_DIR; };
		CE2C97262AE12C25007C6793 /* SwiftToDoTests.swift */ = {isa = PBXFileReference; lastKnownFileType = sourcecode.swift; path = SwiftToDoTests.swift; sourceTree = "<group>"; };
		CE2C972C2AE12C25007C6793 /* SwiftToDoUITests.xctest */ = {isa = PBXFileReference; explicitFileType = wrapper.cfbundle; includeInIndex = 0; path = SwiftToDoUITests.xctest; sourceTree = BUILT_PRODUCTS_DIR; };
		CE2C97302AE12C25007C6793 /* SwiftToDoUITests.swift */ = {isa = PBXFileReference; lastKnownFileType = sourcecode.swift; path = SwiftToDoUITests.swift; sourceTree = "<group>"; };
		CE2C97322AE12C25007C6793 /* SwiftToDoUITestsLaunchTests.swift */ = {isa = PBXFileReference; lastKnownFileType = sourcecode.swift; path = SwiftToDoUITestsLaunchTests.swift; sourceTree = "<group>"; };
		CEA01F952BC7E9CE00819733 /* ToDoListView.swift */ = {isa = PBXFileReference; lastKnownFileType = sourcecode.swift; path = ToDoListView.swift; sourceTree = SOURCE_ROOT; };
		CEA01F9D2BC80CBD00819733 /* TaskModel.swift */ = {isa = PBXFileReference; lastKnownFileType = sourcecode.swift; path = TaskModel.swift; sourceTree = SOURCE_ROOT; };
		CEA01F9F2BC8196400819733 /* TaskView.swift */ = {isa = PBXFileReference; lastKnownFileType = sourcecode.swift; path = TaskView.swift; sourceTree = SOURCE_ROOT; };
		CEA01FA12BC90D5800819733 /* TaskViewModel.swift */ = {isa = PBXFileReference; lastKnownFileType = sourcecode.swift; name = TaskViewModel.swift; path = SwiftToDo/Views/SwiftToDo/Views/ViewModels/TaskViewModel.swift; sourceTree = SOURCE_ROOT; };
		CEA0D4412BE0B900008E1FF9 /* AddTaskView.swift */ = {isa = PBXFileReference; lastKnownFileType = sourcecode.swift; name = AddTaskView.swift; path = SwiftToDo/AddTaskView.swift; sourceTree = SOURCE_ROOT; };
/* End PBXFileReference section */

/* Begin PBXFrameworksBuildPhase section */
		CE2C970F2AE12C23007C6793 /* Frameworks */ = {
			isa = PBXFrameworksBuildPhase;
			buildActionMask = 2147483647;
			files = (
			);
			runOnlyForDeploymentPostprocessing = 0;
		};
		CE2C971F2AE12C25007C6793 /* Frameworks */ = {
			isa = PBXFrameworksBuildPhase;
			buildActionMask = 2147483647;
			files = (
			);
			runOnlyForDeploymentPostprocessing = 0;
		};
		CE2C97292AE12C25007C6793 /* Frameworks */ = {
			isa = PBXFrameworksBuildPhase;
			buildActionMask = 2147483647;
			files = (
			);
			runOnlyForDeploymentPostprocessing = 0;
		};
/* End PBXFrameworksBuildPhase section */

/* Begin PBXGroup section */
		CE0D0EE52C05F65B00377FDB /* ViewModels */ = {
			isa = PBXGroup;
			children = (
				CEA01FA12BC90D5800819733 /* TaskViewModel.swift */,
			);
			name = ViewModels;
			path = Views/SwiftToDo/Views/ViewModels;
			sourceTree = "<group>";
		};
		CE1A3F1A2AE7A418002FF225 /* Models */ = {
			isa = PBXGroup;
			children = (
				CEA01F9D2BC80CBD00819733 /* TaskModel.swift */,
			);
			path = Models;
			sourceTree = "<group>";
		};
		CE1A3F1B2AE7A427002FF225 /* Views */ = {
			isa = PBXGroup;
			children = (
				CEA01F952BC7E9CE00819733 /* ToDoListView.swift */,
				CEA01F9F2BC8196400819733 /* TaskView.swift */,
				CEA0D4412BE0B900008E1FF9 /* AddTaskView.swift */,
			);
			path = Views;
			sourceTree = "<group>";
		};
		CE2C97092AE12C23007C6793 = {
			isa = PBXGroup;
			children = (
				CE2C97142AE12C23007C6793 /* SwiftToDo */,
				CE2C97252AE12C25007C6793 /* SwiftToDoTests */,
				CE2C972F2AE12C25007C6793 /* SwiftToDoUITests */,
				CE2C97132AE12C23007C6793 /* Products */,
			);
			sourceTree = "<group>";
		};
		CE2C97132AE12C23007C6793 /* Products */ = {
			isa = PBXGroup;
			children = (
				CE2C97122AE12C23007C6793 /* SwiftToDo.app */,
				CE2C97222AE12C25007C6793 /* SwiftToDoTests.xctest */,
				CE2C972C2AE12C25007C6793 /* SwiftToDoUITests.xctest */,
			);
			name = Products;
			sourceTree = "<group>";
		};
		CE2C97142AE12C23007C6793 /* SwiftToDo */ = {
			isa = PBXGroup;
			children = (
				CE2C97152AE12C23007C6793 /* SwiftToDoApp.swift */,
				CE1A3F1B2AE7A427002FF225 /* Views */,
				CE0D0EE52C05F65B00377FDB /* ViewModels */,
				CE1A3F1A2AE7A418002FF225 /* Models */,
				CE2C97192AE12C25007C6793 /* Assets.xcassets */,
				CE2C971B2AE12C25007C6793 /* Preview Content */,
			);
			path = SwiftToDo;
			sourceTree = "<group>";
		};
		CE2C971B2AE12C25007C6793 /* Preview Content */ = {
			isa = PBXGroup;
			children = (
				CE2C971C2AE12C25007C6793 /* Preview Assets.xcassets */,
			);
			path = "Preview Content";
			sourceTree = "<group>";
		};
		CE2C97252AE12C25007C6793 /* SwiftToDoTests */ = {
			isa = PBXGroup;
			children = (
				CE2C97262AE12C25007C6793 /* SwiftToDoTests.swift */,
			);
			path = SwiftToDoTests;
			sourceTree = "<group>";
		};
		CE2C972F2AE12C25007C6793 /* SwiftToDoUITests */ = {
			isa = PBXGroup;
			children = (
				CE2C97302AE12C25007C6793 /* SwiftToDoUITests.swift */,
				CE2C97322AE12C25007C6793 /* SwiftToDoUITestsLaunchTests.swift */,
			);
			path = SwiftToDoUITests;
			sourceTree = "<group>";
		};
/* End PBXGroup section */

/* Begin PBXNativeTarget section */
		CE2C97112AE12C23007C6793 /* SwiftToDo */ = {
			isa = PBXNativeTarget;
			buildConfigurationList = CE2C97362AE12C25007C6793 /* Build configuration list for PBXNativeTarget "SwiftToDo" */;
			buildPhases = (
				CE2C970E2AE12C23007C6793 /* Sources */,
				CE2C970F2AE12C23007C6793 /* Frameworks */,
				CE2C97102AE12C23007C6793 /* Resources */,
			);
			buildRules = (
			);
			dependencies = (
			);
			name = SwiftToDo;
			productName = SwiftToDo;
			productReference = CE2C97122AE12C23007C6793 /* SwiftToDo.app */;
			productType = "com.apple.product-type.application";
		};
		CE2C97212AE12C25007C6793 /* SwiftToDoTests */ = {
			isa = PBXNativeTarget;
			buildConfigurationList = CE2C97392AE12C25007C6793 /* Build configuration list for PBXNativeTarget "SwiftToDoTests" */;
			buildPhases = (
				CE2C971E2AE12C25007C6793 /* Sources */,
				CE2C971F2AE12C25007C6793 /* Frameworks */,
				CE2C97202AE12C25007C6793 /* Resources */,
			);
			buildRules = (
			);
			dependencies = (
				CE2C97242AE12C25007C6793 /* PBXTargetDependency */,
			);
			name = SwiftToDoTests;
			productName = SwiftToDoTests;
			productReference = CE2C97222AE12C25007C6793 /* SwiftToDoTests.xctest */;
			productType = "com.apple.product-type.bundle.unit-test";
		};
		CE2C972B2AE12C25007C6793 /* SwiftToDoUITests */ = {
			isa = PBXNativeTarget;
			buildConfigurationList = CE2C973C2AE12C25007C6793 /* Build configuration list for PBXNativeTarget "SwiftToDoUITests" */;
			buildPhases = (
				CE2C97282AE12C25007C6793 /* Sources */,
				CE2C97292AE12C25007C6793 /* Frameworks */,
				CE2C972A2AE12C25007C6793 /* Resources */,
			);
			buildRules = (
			);
			dependencies = (
				CE2C972E2AE12C25007C6793 /* PBXTargetDependency */,
			);
			name = SwiftToDoUITests;
			productName = SwiftToDoUITests;
			productReference = CE2C972C2AE12C25007C6793 /* SwiftToDoUITests.xctest */;
			productType = "com.apple.product-type.bundle.ui-testing";
		};
/* End PBXNativeTarget section */

/* Begin PBXProject section */
		CE2C970A2AE12C23007C6793 /* Project object */ = {
			isa = PBXProject;
			attributes = {
				BuildIndependentTargetsInParallel = 1;
				LastSwiftUpdateCheck = 1420;
				LastUpgradeCheck = 1540;
				TargetAttributes = {
					CE2C97112AE12C23007C6793 = {
						CreatedOnToolsVersion = 14.2;
					};
					CE2C97212AE12C25007C6793 = {
						CreatedOnToolsVersion = 14.2;
						TestTargetID = CE2C97112AE12C23007C6793;
					};
					CE2C972B2AE12C25007C6793 = {
						CreatedOnToolsVersion = 14.2;
						TestTargetID = CE2C97112AE12C23007C6793;
					};
				};
			};
			buildConfigurationList = CE2C970D2AE12C23007C6793 /* Build configuration list for PBXProject "SwiftToDo" */;
			compatibilityVersion = "Xcode 14.0";
			developmentRegion = en;
			hasScannedForEncodings = 0;
			knownRegions = (
				en,
				Base,
			);
			mainGroup = CE2C97092AE12C23007C6793;
			productRefGroup = CE2C97132AE12C23007C6793 /* Products */;
			projectDirPath = "";
			projectRoot = "";
			targets = (
				CE2C97112AE12C23007C6793 /* SwiftToDo */,
				CE2C97212AE12C25007C6793 /* SwiftToDoTests */,
				CE2C972B2AE12C25007C6793 /* SwiftToDoUITests */,
			);
		};
/* End PBXProject section */

/* Begin PBXResourcesBuildPhase section */
		CE2C97102AE12C23007C6793 /* Resources */ = {
			isa = PBXResourcesBuildPhase;
			buildActionMask = 2147483647;
			files = (
				CE2C971D2AE12C25007C6793 /* Preview Assets.xcassets in Resources */,
				CE2C971A2AE12C25007C6793 /* Assets.xcassets in Resources */,
			);
			runOnlyForDeploymentPostprocessing = 0;
		};
		CE2C97202AE12C25007C6793 /* Resources */ = {
			isa = PBXResourcesBuildPhase;
			buildActionMask = 2147483647;
			files = (
			);
			runOnlyForDeploymentPostprocessing = 0;
		};
		CE2C972A2AE12C25007C6793 /* Resources */ = {
			isa = PBXResourcesBuildPhase;
			buildActionMask = 2147483647;
			files = (
			);
			runOnlyForDeploymentPostprocessing = 0;
		};
/* End PBXResourcesBuildPhase section */

/* Begin PBXSourcesBuildPhase section */
		CE2C970E2AE12C23007C6793 /* Sources */ = {
			isa = PBXSourcesBuildPhase;
			buildActionMask = 2147483647;
			files = (
				CEA01F962BC7E9CE00819733 /* ToDoListView.swift in Sources */,
				CEA01FA22BC90D5800819733 /* TaskViewModel.swift in Sources */,
				CE2C97162AE12C23007C6793 /* SwiftToDoApp.swift in Sources */,
				CEA0D4422BE0B900008E1FF9 /* AddTaskView.swift in Sources */,
				CEA01F9E2BC80CBD00819733 /* TaskModel.swift in Sources */,
				CEA01FA02BC8196400819733 /* TaskView.swift in Sources */,
			);
			runOnlyForDeploymentPostprocessing = 0;
		};
		CE2C971E2AE12C25007C6793 /* Sources */ = {
			isa = PBXSourcesBuildPhase;
			buildActionMask = 2147483647;
			files = (
				CE2C97272AE12C25007C6793 /* SwiftToDoTests.swift in Sources */,
			);
			runOnlyForDeploymentPostprocessing = 0;
		};
		CE2C97282AE12C25007C6793 /* Sources */ = {
			isa = PBXSourcesBuildPhase;
			buildActionMask = 2147483647;
			files = (
				CE2C97332AE12C25007C6793 /* SwiftToDoUITestsLaunchTests.swift in Sources */,
				CE2C97312AE12C25007C6793 /* SwiftToDoUITests.swift in Sources */,
			);
			runOnlyForDeploymentPostprocessing = 0;
		};
/* End PBXSourcesBuildPhase section */

/* Begin PBXTargetDependency section */
		CE2C97242AE12C25007C6793 /* PBXTargetDependency */ = {
			isa = PBXTargetDependency;
			target = CE2C97112AE12C23007C6793 /* SwiftToDo */;
			targetProxy = CE2C97232AE12C25007C6793 /* PBXContainerItemProxy */;
		};
		CE2C972E2AE12C25007C6793 /* PBXTargetDependency */ = {
			isa = PBXTargetDependency;
			target = CE2C97112AE12C23007C6793 /* SwiftToDo */;
			targetProxy = CE2C972D2AE12C25007C6793 /* PBXContainerItemProxy */;
		};
/* End PBXTargetDependency section */

/* Begin XCBuildConfiguration section */
		CE2C97342AE12C25007C6793 /* Debug */ = {
			isa = XCBuildConfiguration;
			buildSettings = {
				ALWAYS_SEARCH_USER_PATHS = NO;
				CLANG_ANALYZER_NONNULL = YES;
				CLANG_ANALYZER_NUMBER_OBJECT_CONVERSION = YES_AGGRESSIVE;
				CLANG_CXX_LANGUAGE_STANDARD = "gnu++20";
				CLANG_ENABLE_MODULES = YES;
				CLANG_ENABLE_OBJC_ARC = YES;
				CLANG_ENABLE_OBJC_WEAK = YES;
				CLANG_WARN_BLOCK_CAPTURE_AUTORELEASING = YES;
				CLANG_WARN_BOOL_CONVERSION = YES;
				CLANG_WARN_COMMA = YES;
				CLANG_WARN_CONSTANT_CONVERSION = YES;
				CLANG_WARN_DEPRECATED_OBJC_IMPLEMENTATIONS = YES;
				CLANG_WARN_DIRECT_OBJC_ISA_USAGE = YES_ERROR;
				CLANG_WARN_DOCUMENTATION_COMMENTS = YES;
				CLANG_WARN_EMPTY_BODY = YES;
				CLANG_WARN_ENUM_CONVERSION = YES;
				CLANG_WARN_INFINITE_RECURSION = YES;
				CLANG_WARN_INT_CONVERSION = YES;
				CLANG_WARN_NON_LITERAL_NULL_CONVERSION = YES;
				CLANG_WARN_OBJC_IMPLICIT_RETAIN_SELF = YES;
				CLANG_WARN_OBJC_LITERAL_CONVERSION = YES;
				CLANG_WARN_OBJC_ROOT_CLASS = YES_ERROR;
				CLANG_WARN_QUOTED_INCLUDE_IN_FRAMEWORK_HEADER = YES;
				CLANG_WARN_RANGE_LOOP_ANALYSIS = YES;
				CLANG_WARN_STRICT_PROTOTYPES = YES;
				CLANG_WARN_SUSPICIOUS_MOVE = YES;
				CLANG_WARN_UNGUARDED_AVAILABILITY = YES_AGGRESSIVE;
				CLANG_WARN_UNREACHABLE_CODE = YES;
				CLANG_WARN__DUPLICATE_METHOD_MATCH = YES;
				COPY_PHASE_STRIP = NO;
				DEBUG_INFORMATION_FORMAT = dwarf;
				ENABLE_STRICT_OBJC_MSGSEND = YES;
				ENABLE_TESTABILITY = YES;
				ENABLE_USER_SCRIPT_SANDBOXING = YES;
				GCC_C_LANGUAGE_STANDARD = gnu11;
				GCC_DYNAMIC_NO_PIC = NO;
				GCC_NO_COMMON_BLOCKS = YES;
				GCC_OPTIMIZATION_LEVEL = 0;
				GCC_PREPROCESSOR_DEFINITIONS = (
					"DEBUG=1",
					"$(inherited)",
				);
				GCC_WARN_64_TO_32_BIT_CONVERSION = YES;
				GCC_WARN_ABOUT_RETURN_TYPE = YES_ERROR;
				GCC_WARN_UNDECLARED_SELECTOR = YES;
				GCC_WARN_UNINITIALIZED_AUTOS = YES_AGGRESSIVE;
				GCC_WARN_UNUSED_FUNCTION = YES;
				GCC_WARN_UNUSED_VARIABLE = YES;
				IPHONEOS_DEPLOYMENT_TARGET = 16.2;
				MTL_ENABLE_DEBUG_INFO = INCLUDE_SOURCE;
				MTL_FAST_MATH = YES;
				ONLY_ACTIVE_ARCH = YES;
				SDKROOT = iphoneos;
				SWIFT_ACTIVE_COMPILATION_CONDITIONS = DEBUG;
				SWIFT_OPTIMIZATION_LEVEL = "-Onone";
			};
			name = Debug;
		};
		CE2C97352AE12C25007C6793 /* Release */ = {
			isa = XCBuildConfiguration;
			buildSettings = {
				ALWAYS_SEARCH_USER_PATHS = NO;
				CLANG_ANALYZER_NONNULL = YES;
				CLANG_ANALYZER_NUMBER_OBJECT_CONVERSION = YES_AGGRESSIVE;
				CLANG_CXX_LANGUAGE_STANDARD = "gnu++20";
				CLANG_ENABLE_MODULES = YES;
				CLANG_ENABLE_OBJC_ARC = YES;
				CLANG_ENABLE_OBJC_WEAK = YES;
				CLANG_WARN_BLOCK_CAPTURE_AUTORELEASING = YES;
				CLANG_WARN_BOOL_CONVERSION = YES;
				CLANG_WARN_COMMA = YES;
				CLANG_WARN_CONSTANT_CONVERSION = YES;
				CLANG_WARN_DEPRECATED_OBJC_IMPLEMENTATIONS = YES;
				CLANG_WARN_DIRECT_OBJC_ISA_USAGE = YES_ERROR;
				CLANG_WARN_DOCUMENTATION_COMMENTS = YES;
				CLANG_WARN_EMPTY_BODY = YES;
				CLANG_WARN_ENUM_CONVERSION = YES;
				CLANG_WARN_INFINITE_RECURSION = YES;
				CLANG_WARN_INT_CONVERSION = YES;
				CLANG_WARN_NON_LITERAL_NULL_CONVERSION = YES;
				CLANG_WARN_OBJC_IMPLICIT_RETAIN_SELF = YES;
				CLANG_WARN_OBJC_LITERAL_CONVERSION = YES;
				CLANG_WARN_OBJC_ROOT_CLASS = YES_ERROR;
				CLANG_WARN_QUOTED_INCLUDE_IN_FRAMEWORK_HEADER = YES;
				CLANG_WARN_RANGE_LOOP_ANALYSIS = YES;
				CLANG_WARN_STRICT_PROTOTYPES = YES;
				CLANG_WARN_SUSPICIOUS_MOVE = YES;
				CLANG_WARN_UNGUARDED_AVAILABILITY = YES_AGGRESSIVE;
				CLANG_WARN_UNREACHABLE_CODE = YES;
				CLANG_WARN__DUPLICATE_METHOD_MATCH = YES;
				COPY_PHASE_STRIP = NO;
				DEBUG_INFORMATION_FORMAT = "dwarf-with-dsym";
				ENABLE_NS_ASSERTIONS = NO;
				ENABLE_STRICT_OBJC_MSGSEND = YES;
				ENABLE_USER_SCRIPT_SANDBOXING = YES;
				GCC_C_LANGUAGE_STANDARD = gnu11;
				GCC_NO_COMMON_BLOCKS = YES;
				GCC_WARN_64_TO_32_BIT_CONVERSION = YES;
				GCC_WARN_ABOUT_RETURN_TYPE = YES_ERROR;
				GCC_WARN_UNDECLARED_SELECTOR = YES;
				GCC_WARN_UNINITIALIZED_AUTOS = YES_AGGRESSIVE;
				GCC_WARN_UNUSED_FUNCTION = YES;
				GCC_WARN_UNUSED_VARIABLE = YES;
				IPHONEOS_DEPLOYMENT_TARGET = 16.2;
				MTL_ENABLE_DEBUG_INFO = NO;
				MTL_FAST_MATH = YES;
				SDKROOT = iphoneos;
				SWIFT_COMPILATION_MODE = wholemodule;
				SWIFT_OPTIMIZATION_LEVEL = "-O";
				VALIDATE_PRODUCT = YES;
			};
			name = Release;
		};
		CE2C97372AE12C25007C6793 /* Debug */ = {
			isa = XCBuildConfiguration;
			buildSettings = {
				ASSETCATALOG_COMPILER_APPICON_NAME = AppIcon;
				ASSETCATALOG_COMPILER_GLOBAL_ACCENT_COLOR_NAME = AccentColor;
				CODE_SIGN_STYLE = Automatic;
				CURRENT_PROJECT_VERSION = 1;
				DEVELOPMENT_ASSET_PATHS = "\"SwiftToDo/Preview Content\"";
				ENABLE_PREVIEWS = YES;
				GENERATE_INFOPLIST_FILE = YES;
				INFOPLIST_KEY_UIApplicationSceneManifest_Generation = YES;
				INFOPLIST_KEY_UIApplicationSupportsIndirectInputEvents = YES;
				INFOPLIST_KEY_UILaunchScreen_Generation = YES;
				INFOPLIST_KEY_UISupportedInterfaceOrientations_iPad = "UIInterfaceOrientationPortrait UIInterfaceOrientationPortraitUpsideDown UIInterfaceOrientationLandscapeLeft UIInterfaceOrientationLandscapeRight";
				INFOPLIST_KEY_UISupportedInterfaceOrientations_iPhone = "UIInterfaceOrientationPortrait UIInterfaceOrientationLandscapeLeft UIInterfaceOrientationLandscapeRight";
				LD_RUNPATH_SEARCH_PATHS = (
					"$(inherited)",
					"@executable_path/Frameworks",
				);
				MARKETING_VERSION = 1.0;
				PRODUCT_BUNDLE_IDENTIFIER = test.SwiftToDo;
				PRODUCT_NAME = "$(TARGET_NAME)";
				SWIFT_EMIT_LOC_STRINGS = YES;
				SWIFT_VERSION = 5.0;
				TARGETED_DEVICE_FAMILY = "1,2";
			};
			name = Debug;
		};
		CE2C97382AE12C25007C6793 /* Release */ = {
			isa = XCBuildConfiguration;
			buildSettings = {
				ASSETCATALOG_COMPILER_APPICON_NAME = AppIcon;
				ASSETCATALOG_COMPILER_GLOBAL_ACCENT_COLOR_NAME = AccentColor;
				CODE_SIGN_STYLE = Automatic;
				CURRENT_PROJECT_VERSION = 1;
				DEVELOPMENT_ASSET_PATHS = "\"SwiftToDo/Preview Content\"";
				ENABLE_PREVIEWS = YES;
				GENERATE_INFOPLIST_FILE = YES;
				INFOPLIST_KEY_UIApplicationSceneManifest_Generation = YES;
				INFOPLIST_KEY_UIApplicationSupportsIndirectInputEvents = YES;
				INFOPLIST_KEY_UILaunchScreen_Generation = YES;
				INFOPLIST_KEY_UISupportedInterfaceOrientations_iPad = "UIInterfaceOrientationPortrait UIInterfaceOrientationPortraitUpsideDown UIInterfaceOrientationLandscapeLeft UIInterfaceOrientationLandscapeRight";
				INFOPLIST_KEY_UISupportedInterfaceOrientations_iPhone = "UIInterfaceOrientationPortrait UIInterfaceOrientationLandscapeLeft UIInterfaceOrientationLandscapeRight";
				LD_RUNPATH_SEARCH_PATHS = (
					"$(inherited)",
					"@executable_path/Frameworks",
				);
				MARKETING_VERSION = 1.0;
				PRODUCT_BUNDLE_IDENTIFIER = test.SwiftToDo;
				PRODUCT_NAME = "$(TARGET_NAME)";
				SWIFT_EMIT_LOC_STRINGS = YES;
				SWIFT_VERSION = 5.0;
				TARGETED_DEVICE_FAMILY = "1,2";
			};
			name = Release;
		};
		CE2C973A2AE12C25007C6793 /* Debug */ = {
			isa = XCBuildConfiguration;
			buildSettings = {
				ALWAYS_EMBED_SWIFT_STANDARD_LIBRARIES = YES;
				BUNDLE_LOADER = "$(TEST_HOST)";
				CODE_SIGN_STYLE = Automatic;
				CURRENT_PROJECT_VERSION = 1;
				GENERATE_INFOPLIST_FILE = YES;
				IPHONEOS_DEPLOYMENT_TARGET = 16.2;
				MARKETING_VERSION = 1.0;
				PRODUCT_BUNDLE_IDENTIFIER = test.SwiftToDoTests;
				PRODUCT_NAME = "$(TARGET_NAME)";
				SWIFT_EMIT_LOC_STRINGS = NO;
				SWIFT_VERSION = 5.0;
				TARGETED_DEVICE_FAMILY = "1,2";
				TEST_HOST = "$(BUILT_PRODUCTS_DIR)/SwiftToDo.app/$(BUNDLE_EXECUTABLE_FOLDER_PATH)/SwiftToDo";
			};
			name = Debug;
		};
		CE2C973B2AE12C25007C6793 /* Release */ = {
			isa = XCBuildConfiguration;
			buildSettings = {
				ALWAYS_EMBED_SWIFT_STANDARD_LIBRARIES = YES;
				BUNDLE_LOADER = "$(TEST_HOST)";
				CODE_SIGN_STYLE = Automatic;
				CURRENT_PROJECT_VERSION = 1;
				GENERATE_INFOPLIST_FILE = YES;
				IPHONEOS_DEPLOYMENT_TARGET = 16.2;
				MARKETING_VERSION = 1.0;
				PRODUCT_BUNDLE_IDENTIFIER = test.SwiftToDoTests;
				PRODUCT_NAME = "$(TARGET_NAME)";
				SWIFT_EMIT_LOC_STRINGS = NO;
				SWIFT_VERSION = 5.0;
				TARGETED_DEVICE_FAMILY = "1,2";
				TEST_HOST = "$(BUILT_PRODUCTS_DIR)/SwiftToDo.app/$(BUNDLE_EXECUTABLE_FOLDER_PATH)/SwiftToDo";
			};
			name = Release;
		};
		CE2C973D2AE12C25007C6793 /* Debug */ = {
			isa = XCBuildConfiguration;
			buildSettings = {
				ALWAYS_EMBED_SWIFT_STANDARD_LIBRARIES = YES;
				CODE_SIGN_STYLE = Automatic;
				CURRENT_PROJECT_VERSION = 1;
				GENERATE_INFOPLIST_FILE = YES;
				MARKETING_VERSION = 1.0;
				PRODUCT_BUNDLE_IDENTIFIER = test.SwiftToDoUITests;
				PRODUCT_NAME = "$(TARGET_NAME)";
				SWIFT_EMIT_LOC_STRINGS = NO;
				SWIFT_VERSION = 5.0;
				TARGETED_DEVICE_FAMILY = "1,2";
				TEST_TARGET_NAME = SwiftToDo;
			};
			name = Debug;
		};
		CE2C973E2AE12C25007C6793 /* Release */ = {
			isa = XCBuildConfiguration;
			buildSettings = {
				ALWAYS_EMBED_SWIFT_STANDARD_LIBRARIES = YES;
				CODE_SIGN_STYLE = Automatic;
				CURRENT_PROJECT_VERSION = 1;
				GENERATE_INFOPLIST_FILE = YES;
				MARKETING_VERSION = 1.0;
				PRODUCT_BUNDLE_IDENTIFIER = test.SwiftToDoUITests;
				PRODUCT_NAME = "$(TARGET_NAME)";
				SWIFT_EMIT_LOC_STRINGS = NO;
				SWIFT_VERSION = 5.0;
				TARGETED_DEVICE_FAMILY = "1,2";
				TEST_TARGET_NAME = SwiftToDo;
			};
			name = Release;
		};
/* End XCBuildConfiguration section */

/* Begin XCConfigurationList section */
		CE2C970D2AE12C23007C6793 /* Build configuration list for PBXProject "SwiftToDo" */ = {
			isa = XCConfigurationList;
			buildConfigurations = (
				CE2C97342AE12C25007C6793 /* Debug */,
				CE2C97352AE12C25007C6793 /* Release */,
			);
			defaultConfigurationIsVisible = 0;
			defaultConfigurationName = Release;
		};
		CE2C97362AE12C25007C6793 /* Build configuration list for PBXNativeTarget "SwiftToDo" */ = {
			isa = XCConfigurationList;
			buildConfigurations = (
				CE2C97372AE12C25007C6793 /* Debug */,
				CE2C97382AE12C25007C6793 /* Release */,
			);
			defaultConfigurationIsVisible = 0;
			defaultConfigurationName = Release;
		};
		CE2C97392AE12C25007C6793 /* Build configuration list for PBXNativeTarget "SwiftToDoTests" */ = {
			isa = XCConfigurationList;
			buildConfigurations = (
				CE2C973A2AE12C25007C6793 /* Debug */,
				CE2C973B2AE12C25007C6793 /* Release */,
			);
			defaultConfigurationIsVisible = 0;
			defaultConfigurationName = Release;
		};
		CE2C973C2AE12C25007C6793 /* Build configuration list for PBXNativeTarget "SwiftToDoUITests" */ = {
			isa = XCConfigurationList;
			buildConfigurations = (
				CE2C973D2AE12C25007C6793 /* Debug */,
				CE2C973E2AE12C25007C6793 /* Release */,
			);
			defaultConfigurationIsVisible = 0;
			defaultConfigurationName = Release;
		};
/* End XCConfigurationList section */
	};
	rootObject = CE2C970A2AE12C23007C6793 /* Project object */;
}
